
Microsoft Visual Studio Solution File, Format Version 12.00
# Visual Studio Version 16
VisualStudioVersion = 16.0.31205.134
MinimumVisualStudioVersion = 10.0.40219.1
Project("{FAE04EC0-301F-11D3-BF4B-00C04F79EFBC}") = "ejercisio32", "ejercisio32\ejercisio32.csproj", "{59ADC994-C365-47C5-A8D6-42FB7E4979FF}"
EndProject
Global
	GlobalSection(SolutionConfigurationPlatforms) = preSolution
		Debug|Any CPU = Debug|Any CPU
		Release|Any CPU = Release|Any CPU
	EndGlobalSection
	GlobalSection(ProjectConfigurationPlatforms) = postSolution
		{59ADC994-C365-47C5-A8D6-42FB7E4979FF}.Debug|Any CPU.ActiveCfg = Debug|Any CPU
		{59ADC994-C365-47C5-A8D6-42FB7E4979FF}.Debug|Any CPU.Build.0 = Debug|Any CPU
		{59ADC994-C365-47C5-A8D6-42FB7E4979FF}.Release|Any CPU.ActiveCfg = Release|Any CPU
		{59ADC994-C365-47C5-A8D6-42FB7E4979FF}.Release|Any CPU.Build.0 = Release|Any CPU
	EndGlobalSection
	GlobalSection(SolutionProperties) = preSolution
		HideSolutionNode = FALSE
	EndGlobalSection
	GlobalSection(ExtensibilityGlobals) = postSolution
		SolutionGuid = {F29EA17D-4B9B-40EE-9DFD-E729ADB3554F}
	EndGlobalSection
EndGlobal
